// !$*UTF8*$!
{
	archiveVersion = 1;
	classes = {
	};
	objectVersion = 46;
	objects = {

/* Begin PBXBuildFile section */
		DCC27E6B1BB0CC83009D181D /* AppDelegate.swift in Sources */ = {isa = PBXBuildFile; fileRef = DCC27E6A1BB0CC83009D181D /* AppDelegate.swift */; };
		DCC27E6D1BB0CC83009D181D /* ViewController.swift in Sources */ = {isa = PBXBuildFile; fileRef = DCC27E6C1BB0CC83009D181D /* ViewController.swift */; };
		DCC27E701BB0CC83009D181D /* Main.storyboard in Resources */ = {isa = PBXBuildFile; fileRef = DCC27E6E1BB0CC83009D181D /* Main.storyboard */; };
		DCC27E721BB0CC83009D181D /* Images.xcassets in Resources */ = {isa = PBXBuildFile; fileRef = DCC27E711BB0CC83009D181D /* Images.xcassets */; };
		DCC27E751BB0CC83009D181D /* LaunchScreen.xib in Resources */ = {isa = PBXBuildFile; fileRef = DCC27E731BB0CC83009D181D /* LaunchScreen.xib */; };
		DCC27E811BB0CC83009D181D /* Lab2Tests.swift in Sources */ = {isa = PBXBuildFile; fileRef = DCC27E801BB0CC83009D181D /* Lab2Tests.swift */; };
/* End PBXBuildFile section */

/* Begin PBXContainerItemProxy section */
		DCC27E7B1BB0CC83009D181D /* PBXContainerItemProxy */ = {
			isa = PBXContainerItemProxy;
			containerPortal = DCC27E5D1BB0CC83009D181D /* Project object */;
			proxyType = 1;
			remoteGlobalIDString = DCC27E641BB0CC83009D181D;
			remoteInfo = Lab2;
		};
/* End PBXContainerItemProxy section */

/* Begin PBXFileReference section */
		DCC27E651BB0CC83009D181D /* Lab2.app */ = {isa = PBXFileReference; explicitFileType = wrapper.application; includeInIndex = 0; path = Lab2.app; sourceTree = BUILT_PRODUCTS_DIR; };
		DCC27E691BB0CC83009D181D /* Info.plist */ = {isa = PBXFileReference; lastKnownFileType = text.plist.xml; path = Info.plist; sourceTree = "<group>"; };
		DCC27E6A1BB0CC83009D181D /* AppDelegate.swift */ = {isa = PBXFileReference; lastKnownFileType = sourcecode.swift; path = AppDelegate.swift; sourceTree = "<group>"; };
		DCC27E6C1BB0CC83009D181D /* ViewController.swift */ = {isa = PBXFileReference; lastKnownFileType = sourcecode.swift; path = ViewController.swift; sourceTree = "<group>"; };
		DCC27E6F1BB0CC83009D181D /* Base */ = {isa = PBXFileReference; lastKnownFileType = file.storyboard; name = Base; path = Base.lproj/Main.storyboard; sourceTree = "<group>"; };
		DCC27E711BB0CC83009D181D /* Images.xcassets */ = {isa = PBXFileReference; lastKnownFileType = folder.assetcatalog; path = Images.xcassets; sourceTree = "<group>"; };
		DCC27E741BB0CC83009D181D /* Base */ = {isa = PBXFileReference; lastKnownFileType = file.xib; name = Base; path = Base.lproj/LaunchScreen.xib; sourceTree = "<group>"; };
		DCC27E7A1BB0CC83009D181D /* Lab2Tests.xctest */ = {isa = PBXFileReference; explicitFileType = wrapper.cfbundle; includeInIndex = 0; path = Lab2Tests.xctest; sourceTree = BUILT_PRODUCTS_DIR; };
		DCC27E7F1BB0CC83009D181D /* Info.plist */ = {isa = PBXFileReference; lastKnownFileType = text.plist.xml; path = Info.plist; sourceTree = "<group>"; };
		DCC27E801BB0CC83009D181D /* Lab2Tests.swift */ = {isa = PBXFileReference; lastKnownFileType = sourcecode.swift; path = Lab2Tests.swift; sourceTree = "<group>"; };
/* End PBXFileReference section */

/* Begin PBXFrameworksBuildPhase section */
		DCC27E621BB0CC83009D181D /* Frameworks */ = {
			isa = PBXFrameworksBuildPhase;
			buildActionMask = 2147483647;
			files = (
			);
			runOnlyForDeploymentPostprocessing = 0;
		};
		DCC27E771BB0CC83009D181D /* Frameworks */ = {
			isa = PBXFrameworksBuildPhase;
			buildActionMask = 2147483647;
			files = (
			);
			runOnlyForDeploymentPostprocessing = 0;
		};
/* End PBXFrameworksBuildPhase section */

/* Begin PBXGroup section */
		DCC27E5C1BB0CC83009D181D = {
			isa = PBXGroup;
			children = (
				DCC27E671BB0CC83009D181D /* Lab2 */,
				DCC27E7D1BB0CC83009D181D /* Lab2Tests */,
				DCC27E661BB0CC83009D181D /* Products */,
			);
			sourceTree = "<group>";
		};
		DCC27E661BB0CC83009D181D /* Products */ = {
			isa = PBXGroup;
			children = (
				DCC27E651BB0CC83009D181D /* Lab2.app */,
				DCC27E7A1BB0CC83009D181D /* Lab2Tests.xctest */,
			);
			name = Products;
			sourceTree = "<group>";
		};
		DCC27E671BB0CC83009D181D /* Lab2 */ = {
			isa = PBXGroup;
			children = (
				DCC27E6A1BB0CC83009D181D /* AppDelegate.swift */,
				DCC27E6C1BB0CC83009D181D /* ViewController.swift */,
				DCC27E6E1BB0CC83009D181D /* Main.storyboard */,
				DCC27E711BB0CC83009D181D /* Images.xcassets */,
				DCC27E731BB0CC83009D181D /* LaunchScreen.xib */,
				DCC27E681BB0CC83009D181D /* Supporting Files */,
			);
			path = Lab2;
			sourceTree = "<group>";
		};
		DCC27E681BB0CC83009D181D /* Supporting Files */ = {
			isa = PBXGroup;
			children = (
				DCC27E691BB0CC83009D181D /* Info.plist */,
			);
			name = "Supporting Files";
			sourceTree = "<group>";
		};
		DCC27E7D1BB0CC83009D181D /* Lab2Tests */ = {
			isa = PBXGroup;
			children = (
				DCC27E801BB0CC83009D181D /* Lab2Tests.swift */,
				DCC27E7E1BB0CC83009D181D /* Supporting Files */,
			);
			path = Lab2Tests;
			sourceTree = "<group>";
		};
		DCC27E7E1BB0CC83009D181D /* Supporting Files */ = {
			isa = PBXGroup;
			children = (
				DCC27E7F1BB0CC83009D181D /* Info.plist */,
			);
			name = "Supporting Files";
			sourceTree = "<group>";
		};
/* End PBXGroup section */

/* Begin PBXNativeTarget section */
		DCC27E641BB0CC83009D181D /* Lab2 */ = {
			isa = PBXNativeTarget;
			buildConfigurationList = DCC27E841BB0CC83009D181D /* Build configuration list for PBXNativeTarget "Lab2" */;
			buildPhases = (
				DCC27E611BB0CC83009D181D /* Sources */,
				DCC27E621BB0CC83009D181D /* Frameworks */,
				DCC27E631BB0CC83009D181D /* Resources */,
			);
			buildRules = (
			);
			dependencies = (
			);
			name = Lab2;
			productName = Lab2;
			productReference = DCC27E651BB0CC83009D181D /* Lab2.app */;
			productType = "com.apple.product-type.application";
		};
		DCC27E791BB0CC83009D181D /* Lab2Tests */ = {
			isa = PBXNativeTarget;
			buildConfigurationList = DCC27E871BB0CC83009D181D /* Build configuration list for PBXNativeTarget "Lab2Tests" */;
			buildPhases = (
				DCC27E761BB0CC83009D181D /* Sources */,
				DCC27E771BB0CC83009D181D /* Frameworks */,
				DCC27E781BB0CC83009D181D /* Resources */,
			);
			buildRules = (
			);
			dependencies = (
				DCC27E7C1BB0CC83009D181D /* PBXTargetDependency */,
			);
			name = Lab2Tests;
			productName = Lab2Tests;
			productReference = DCC27E7A1BB0CC83009D181D /* Lab2Tests.xctest */;
			productType = "com.apple.product-type.bundle.unit-test";
		};
/* End PBXNativeTarget section */

/* Begin PBXProject section */
		DCC27E5D1BB0CC83009D181D /* Project object */ = {
			isa = PBXProject;
			attributes = {
				LastUpgradeCheck = 0630;
				ORGANIZATIONNAME = "Yuwei Xu";
				TargetAttributes = {
					DCC27E641BB0CC83009D181D = {
						CreatedOnToolsVersion = 6.3.2;
					};
					DCC27E791BB0CC83009D181D = {
						CreatedOnToolsVersion = 6.3.2;
						TestTargetID = DCC27E641BB0CC83009D181D;
					};
				};
			};
			buildConfigurationList = DCC27E601BB0CC83009D181D /* Build configuration list for PBXProject "Lab2" */;
			compatibilityVersion = "Xcode 3.2";
			developmentRegion = English;
			hasScannedForEncodings = 0;
			knownRegions = (
				en,
				Base,
			);
			mainGroup = DCC27E5C1BB0CC83009D181D;
			productRefGroup = DCC27E661BB0CC83009D181D /* Products */;
			projectDirPath = "";
			projectRoot = "";
			targets = (
				DCC27E641BB0CC83009D181D /* Lab2 */,
				DCC27E791BB0CC83009D181D /* Lab2Tests */,
			);
		};
/* End PBXProject section */

/* Begin PBXResourcesBuildPhase section */
		DCC27E631BB0CC83009D181D /* Resources */ = {
			isa = PBXResourcesBuildPhase;
			buildActionMask = 2147483647;
			files = (
				DCC27E701BB0CC83009D181D /* Main.storyboard in Resources */,
				DCC27E751BB0CC83009D181D /* LaunchScreen.xib in Resources */,
				DCC27E721BB0CC83009D181D /* Images.xcassets in Resources */,
			);
			runOnlyForDeploymentPostprocessing = 0;
		};
		DCC27E781BB0CC83009D181D /* Resources */ = {
			isa = PBXResourcesBuildPhase;
			buildActionMask = 2147483647;
			files = (
			);
			runOnlyForDeploymentPostprocessing = 0;
		};
/* End PBXResourcesBuildPhase section */

/* Begin PBXSourcesBuildPhase section */
		DCC27E611BB0CC83009D181D /* Sources */ = {
			isa = PBXSourcesBuildPhase;
			buildActionMask = 2147483647;
			files = (
				DCC27E6D1BB0CC83009D181D /* ViewController.swift in Sources */,
				DCC27E6B1BB0CC83009D181D /* AppDelegate.swift in Sources */,
			);
			runOnlyForDeploymentPostprocessing = 0;
		};
		DCC27E761BB0CC83009D181D /* Sources */ = {
			isa = PBXSourcesBuildPhase;
			buildActionMask = 2147483647;
			files = (
				DCC27E811BB0CC83009D181D /* Lab2Tests.swift in Sources */,
			);
			runOnlyForDeploymentPostprocessing = 0;
		};
/* End PBXSourcesBuildPhase section */

/* Begin PBXTargetDependency section */
		DCC27E7C1BB0CC83009D181D /* PBXTargetDependency */ = {
			isa = PBXTargetDependency;
			target = DCC27E641BB0CC83009D181D /* Lab2 */;
			targetProxy = DCC27E7B1BB0CC83009D181D /* PBXContainerItemProxy */;
		};
/* End PBXTargetDependency section */

/* Begin PBXVariantGroup section */
		DCC27E6E1BB0CC83009D181D /* Main.storyboard */ = {
			isa = PBXVariantGroup;
			children = (
				DCC27E6F1BB0CC83009D181D /* Base */,
			);
			name = Main.storyboard;
			sourceTree = "<group>";
		};
		DCC27E731BB0CC83009D181D /* LaunchScreen.xib */ = {
			isa = PBXVariantGroup;
			children = (
				DCC27E741BB0CC83009D181D /* Base */,
			);
			name = LaunchScreen.xib;
			sourceTree = "<group>";
		};
/* End PBXVariantGroup section */

/* Begin XCBuildConfiguration section */
		DCC27E821BB0CC83009D181D /* Debug */ = {
			isa = XCBuildConfiguration;
			buildSettings = {
				ALWAYS_SEARCH_USER_PATHS = NO;
				CLANG_CXX_LANGUAGE_STANDARD = "gnu++0x";
				CLANG_CXX_LIBRARY = "libc++";
				CLANG_ENABLE_MODULES = YES;
				CLANG_ENABLE_OBJC_ARC = YES;
				CLANG_WARN_BOOL_CONVERSION = YES;
				CLANG_WARN_CONSTANT_CONVERSION = YES;
				CLANG_WARN_DIRECT_OBJC_ISA_USAGE = YES_ERROR;
				CLANG_WARN_EMPTY_BODY = YES;
				CLANG_WARN_ENUM_CONVERSION = YES;
				CLANG_WARN_INT_CONVERSION = YES;
				CLANG_WARN_OBJC_ROOT_CLASS = YES_ERROR;
				CLANG_WARN_UNREACHABLE_CODE = YES;
				CLANG_WARN__DUPLICATE_METHOD_MATCH = YES;
				"CODE_SIGN_IDENTITY[sdk=iphoneos*]" = "iPhone Developer";
				COPY_PHASE_STRIP = NO;
				DEBUG_INFORMATION_FORMAT = "dwarf-with-dsym";
				ENABLE_STRICT_OBJC_MSGSEND = YES;
				GCC_C_LANGUAGE_STANDARD = gnu99;
				GCC_DYNAMIC_NO_PIC = NO;
				GCC_NO_COMMON_BLOCKS = YES;
				GCC_OPTIMIZATION_LEVEL = 0;
				GCC_PREPROCESSOR_DEFINITIONS = (
					"DEBUG=1",
					"$(inherited)",
				);
				GCC_SYMBOLS_PRIVATE_EXTERN = NO;
				GCC_WARN_64_TO_32_BIT_CONVERSION = YES;
				GCC_WARN_ABOUT_RETURN_TYPE = YES_ERROR;
				GCC_WARN_UNDECLARED_SELECTOR = YES;
				GCC_WARN_UNINITIALIZED_AUTOS = YES_AGGRESSIVE;
				GCC_WARN_UNUSED_FUNCTION = YES;
				GCC_WARN_UNUSED_VARIABLE = YES;
				IPHONEOS_DEPLOYMENT_TARGET = 8.3;
				MTL_ENABLE_DEBUG_INFO = YES;
				ONLY_ACTIVE_ARCH = YES;
				SDKROOT = iphoneos;
				SWIFT_OPTIMIZATION_LEVEL = "-Onone";
			};
			name = Debug;
		};
		DCC27E831BB0CC83009D181D /* Release */ = {
			isa = XCBuildConfiguration;
			buildSettings = {
				ALWAYS_SEARCH_USER_PATHS = NO;
				CLANG_CXX_LANGUAGE_STANDARD = "gnu++0x";
				CLANG_CXX_LIBRARY = "libc++";
				CLANG_ENABLE_MODULES = YES;
				CLANG_ENABLE_OBJC_ARC = YES;
				CLANG_WARN_BOOL_CONVERSION = YES;
				CLANG_WARN_CONSTANT_CONVERSION = YES;
				CLANG_WARN_DIRECT_OBJC_ISA_USAGE = YES_ERROR;
				CLANG_WARN_EMPTY_BODY = YES;
				CLANG_WARN_ENUM_CONVERSION = YES;
				CLANG_WARN_INT_CONVERSION = YES;
				CLANG_WARN_OBJC_ROOT_CLASS = YES_ERROR;
				CLANG_WARN_UNREACHABLE_CODE = YES;
				CLANG_WARN__DUPLICATE_METHOD_MATCH = YES;
				"CODE_SIGN_IDENTITY[sdk=iphoneos*]" = "iPhone Developer";
				COPY_PHASE_STRIP = NO;
				DEBUG_INFORMATION_FORMAT = "dwarf-with-dsym";
				ENABLE_NS_ASSERTIONS = NO;
				ENABLE_STRICT_OBJC_MSGSEND = YES;
				GCC_C_LANGUAGE_STANDARD = gnu99;
				GCC_NO_COMMON_BLOCKS = YES;
				GCC_WARN_64_TO_32_BIT_CONVERSION = YES;
				GCC_WARN_ABOUT_RETURN_TYPE = YES_ERROR;
				GCC_WARN_UNDECLARED_SELECTOR = YES;
				GCC_WARN_UNINITIALIZED_AUTOS = YES_AGGRESSIVE;
				GCC_WARN_UNUSED_FUNCTION = YES;
				GCC_WARN_UNUSED_VARIABLE = YES;
				IPHONEOS_DEPLOYMENT_TARGET = 8.3;
				MTL_ENABLE_DEBUG_INFO = NO;
				SDKROOT = iphoneos;
				VALIDATE_PRODUCT = YES;
			};
			name = Release;
		};
		DCC27E851BB0CC83009D181D /* Debug */ = {
			isa = XCBuildConfiguration;
			buildSettings = {
				ASSETCATALOG_COMPILER_APPICON_NAME = AppIcon;
				INFOPLIST_FILE = Lab2/Info.plist;
				LD_RUNPATH_SEARCH_PATHS = "$(inherited) @executable_path/Frameworks";
				PRODUCT_NAME = "$(TARGET_NAME)";
			};
			name = Debug;
		};
		DCC27E861BB0CC83009D181D /* Release */ = {
			isa = XCBuildConfiguration;
			buildSettings = {
				ASSETCATALOG_COMPILER_APPICON_NAME = AppIcon;
				INFOPLIST_FILE = Lab2/Info.plist;
				LD_RUNPATH_SEARCH_PATHS = "$(inherited) @executable_path/Frameworks";
				PRODUCT_NAME = "$(TARGET_NAME)";
			};
			name = Release;
		};
		DCC27E881BB0CC83009D181D /* Debug */ = {
			isa = XCBuildConfiguration;
			buildSettings = {
				BUNDLE_LOADER = "$(TEST_HOST)";
				FRAMEWORK_SEARCH_PATHS = (
					"$(SDKROOT)/Developer/Library/Frameworks",
					"$(inherited)",
				);
				GCC_PREPROCESSOR_DEFINITIONS = (
					"DEBUG=1",
					"$(inherited)",
				);
				INFOPLIST_FILE = Lab2Tests/Info.plist;
				LD_RUNPATH_SEARCH_PATHS = "$(inherited) @executable_path/Frameworks @loader_path/Frameworks";
				PRODUCT_NAME = "$(TARGET_NAME)";
				TEST_HOST = "$(BUILT_PRODUCTS_DIR)/Lab2.app/Lab2";
			};
			name = Debug;
		};
		DCC27E891BB0CC83009D181D /* Release */ = {
			isa = XCBuildConfiguration;
			buildSettings = {
				BUNDLE_LOADER = "$(TEST_HOST)";
				FRAMEWORK_SEARCH_PATHS = (
					"$(SDKROOT)/Developer/Library/Frameworks",
					"$(inherited)",
				);
				INFOPLIST_FILE = Lab2Tests/Info.plist;
				LD_RUNPATH_SEARCH_PATHS = "$(inherited) @executable_path/Frameworks @loader_path/Frameworks";
				PRODUCT_NAME = "$(TARGET_NAME)";
				TEST_HOST = "$(BUILT_PRODUCTS_DIR)/Lab2.app/Lab2";
			};
			name = Release;
		};
/* End XCBuildConfiguration section */

/* Begin XCConfigurationList section */
		DCC27E601BB0CC83009D181D /* Build configuration list for PBXProject "Lab2" */ = {
			isa = XCConfigurationList;
			buildConfigurations = (
				DCC27E821BB0CC83009D181D /* Debug */,
				DCC27E831BB0CC83009D181D /* Release */,
			);
			defaultConfigurationIsVisible = 0;
			defaultConfigurationName = Release;
		};
		DCC27E841BB0CC83009D181D /* Build configuration list for PBXNativeTarget "Lab2" */ = {
			isa = XCConfigurationList;
			buildConfigurations = (
				DCC27E851BB0CC83009D181D /* Debug */,
				DCC27E861BB0CC83009D181D /* Release */,
			);
			defaultConfigurationIsVisible = 0;
		};
		DCC27E871BB0CC83009D181D /* Build configuration list for PBXNativeTarget "Lab2Tests" */ = {
			isa = XCConfigurationList;
			buildConfigurations = (
				DCC27E881BB0CC83009D181D /* Debug */,
				DCC27E891BB0CC83009D181D /* Release */,
			);
			defaultConfigurationIsVisible = 0;
		};
/* End XCConfigurationList section */
	};
	rootObject = DCC27E5D1BB0CC83009D181D /* Project object */;
}
